// !$*UTF8*$!
{
	archiveVersion = 1;
	classes = {
	};
	objectVersion = 51;
	objects = {

/* Begin PBXBuildFile section */
		101172084AA4A6DAA060CF3D /* Pods_BuscardorTests.framework in Frameworks */ = {isa = PBXBuildFile; fileRef = 0B3C8C8347096BC8E05C897A /* Pods_BuscardorTests.framework */; };
		6275516FE3E71751938BCA8D /* Pods_Buscardor_BuscardorUITests.framework in Frameworks */ = {isa = PBXBuildFile; fileRef = 10F9A7A7D1214F4C4C3BD645 /* Pods_Buscardor_BuscardorUITests.framework */; };
		7C045CF550A06A281F586F3E /* Pods_Buscardor.framework in Frameworks */ = {isa = PBXBuildFile; fileRef = DFFAA4AAD59C88F04982612A /* Pods_Buscardor.framework */; };
		90A5388A2629224C00B43966 /* AppDelegate.swift in Sources */ = {isa = PBXBuildFile; fileRef = 90A538892629224C00B43966 /* AppDelegate.swift */; };
		90A538932629224F00B43966 /* Assets.xcassets in Resources */ = {isa = PBXBuildFile; fileRef = 90A538922629224F00B43966 /* Assets.xcassets */; };
		90A538962629224F00B43966 /* LaunchScreen.storyboard in Resources */ = {isa = PBXBuildFile; fileRef = 90A538942629224F00B43966 /* LaunchScreen.storyboard */; };
		90A538A12629224F00B43966 /* BuscardorTests.swift in Sources */ = {isa = PBXBuildFile; fileRef = 90A538A02629224F00B43966 /* BuscardorTests.swift */; };
		90A538AC2629224F00B43966 /* BuscardorUITests.swift in Sources */ = {isa = PBXBuildFile; fileRef = 90A538AB2629224F00B43966 /* BuscardorUITests.swift */; };
		90A539CB262A1F6100B43966 /* HomeViewController.swift in Sources */ = {isa = PBXBuildFile; fileRef = 90A539CA262A1F6100B43966 /* HomeViewController.swift */; };
		90A539EF262A3BF200B43966 /* UIColor.swift in Sources */ = {isa = PBXBuildFile; fileRef = 90A539EE262A3BF200B43966 /* UIColor.swift */; };
		90A539FD262A4A3400B43966 /* ResultViewController.swift in Sources */ = {isa = PBXBuildFile; fileRef = 90A539FC262A4A3400B43966 /* ResultViewController.swift */; };
		90A53A13262A70F600B43966 /* ResultCell.swift in Sources */ = {isa = PBXBuildFile; fileRef = 90A53A12262A70F600B43966 /* ResultCell.swift */; };
		90A53A18262A7C6900B43966 /* DetailViewController.swift in Sources */ = {isa = PBXBuildFile; fileRef = 90A53A17262A7C6900B43966 /* DetailViewController.swift */; };
		90A53A34262B2C8700B43966 /* ResultDTO.swift in Sources */ = {isa = PBXBuildFile; fileRef = 90A53A33262B2C8700B43966 /* ResultDTO.swift */; };
		90A53A46262B59A400B43966 /* ResultPresenter.swift in Sources */ = {isa = PBXBuildFile; fileRef = 90A53A45262B59A400B43966 /* ResultPresenter.swift */; };
		90A53A55262B5B4500B43966 /* ResultProtocols.swift in Sources */ = {isa = PBXBuildFile; fileRef = 90A53A54262B5B4500B43966 /* ResultProtocols.swift */; };
		90A53A5B262B5B7B00B43966 /* ResultViewModel.swift in Sources */ = {isa = PBXBuildFile; fileRef = 90A53A5A262B5B7B00B43966 /* ResultViewModel.swift */; };
		90A53A63262B60F300B43966 /* ResultDependencyResolver.swift in Sources */ = {isa = PBXBuildFile; fileRef = 90A53A62262B60F300B43966 /* ResultDependencyResolver.swift */; };
		90A53A76262B6F0300B43966 /* ResultInteractor.swift in Sources */ = {isa = PBXBuildFile; fileRef = 90A53A75262B6F0300B43966 /* ResultInteractor.swift */; };
		90A53A83262B7EB600B43966 /* ResultViewModelMapper.swift in Sources */ = {isa = PBXBuildFile; fileRef = 90A53A82262B7EB600B43966 /* ResultViewModelMapper.swift */; };
		90A53A93262B858500B43966 /* BaseViewController.swift in Sources */ = {isa = PBXBuildFile; fileRef = 90A53A92262B858500B43966 /* BaseViewController.swift */; };
		90A53AA2262B9C8B00B43966 /* ProgrammaticallyProtocol.swift in Sources */ = {isa = PBXBuildFile; fileRef = 90A53AA1262B9C8A00B43966 /* ProgrammaticallyProtocol.swift */; };
		90A53AF2262D045900B43966 /* DetailInteractor.swift in Sources */ = {isa = PBXBuildFile; fileRef = 90A53AF1262D045900B43966 /* DetailInteractor.swift */; };
		90A53AFB262D047A00B43966 /* DetailDTO.swift in Sources */ = {isa = PBXBuildFile; fileRef = 90A53AFA262D047A00B43966 /* DetailDTO.swift */; };
		90A53B03262D048D00B43966 /* DetailProtocols.swift in Sources */ = {isa = PBXBuildFile; fileRef = 90A53B02262D048D00B43966 /* DetailProtocols.swift */; };
		90A53B08262D049800B43966 /* DetailPresenter.swift in Sources */ = {isa = PBXBuildFile; fileRef = 90A53B07262D049800B43966 /* DetailPresenter.swift */; };
		90A53B0D262D04AA00B43966 /* DetailDependencyResolver.swift in Sources */ = {isa = PBXBuildFile; fileRef = 90A53B0C262D04AA00B43966 /* DetailDependencyResolver.swift */; };
		90A53B13262D04C800B43966 /* DetailViewModel.swift in Sources */ = {isa = PBXBuildFile; fileRef = 90A53B12262D04C800B43966 /* DetailViewModel.swift */; };
		90A53B1B262D04D300B43966 /* DetailViewModelMapper.swift in Sources */ = {isa = PBXBuildFile; fileRef = 90A53B1A262D04D300B43966 /* DetailViewModelMapper.swift */; };
		90A53B2E262DA6EA00B43966 /* NotFoundViewController.swift in Sources */ = {isa = PBXBuildFile; fileRef = 90A53B2D262DA6EA00B43966 /* NotFoundViewController.swift */; };
		90A53B3C262DB6FA00B43966 /* GenericErrorViewController.swift in Sources */ = {isa = PBXBuildFile; fileRef = 90A53B3B262DB6FA00B43966 /* GenericErrorViewController.swift */; };
		90A53C18262E2B9900B43966 /* HomePresenter.swift in Sources */ = {isa = PBXBuildFile; fileRef = 90A53C17262E2B9900B43966 /* HomePresenter.swift */; };
		90A53C21262E381A00B43966 /* HomeDependencyResolver.swift in Sources */ = {isa = PBXBuildFile; fileRef = 90A53C20262E381A00B43966 /* HomeDependencyResolver.swift */; };
		90A53C29262E382300B43966 /* HomeProtocols.swift in Sources */ = {isa = PBXBuildFile; fileRef = 90A53C28262E382300B43966 /* HomeProtocols.swift */; };
		90A53C2E262E3BF900B43966 /* UIImageView.swift in Sources */ = {isa = PBXBuildFile; fileRef = 90A53C2D262E3BF900B43966 /* UIImageView.swift */; };
		90A53C33262E3C2900B43966 /* FormatterHelper.swift in Sources */ = {isa = PBXBuildFile; fileRef = 90A53C32262E3C2900B43966 /* FormatterHelper.swift */; };
/* End PBXBuildFile section */

/* Begin PBXContainerItemProxy section */
		90A5389D2629224F00B43966 /* PBXContainerItemProxy */ = {
			isa = PBXContainerItemProxy;
			containerPortal = 90A5387E2629224C00B43966 /* Project object */;
			proxyType = 1;
			remoteGlobalIDString = 90A538852629224C00B43966;
			remoteInfo = Buscardor;
		};
		90A538A82629224F00B43966 /* PBXContainerItemProxy */ = {
			isa = PBXContainerItemProxy;
			containerPortal = 90A5387E2629224C00B43966 /* Project object */;
			proxyType = 1;
			remoteGlobalIDString = 90A538852629224C00B43966;
			remoteInfo = Buscardor;
		};
/* End PBXContainerItemProxy section */

/* Begin PBXFileReference section */
		0B3C8C8347096BC8E05C897A /* Pods_BuscardorTests.framework */ = {isa = PBXFileReference; explicitFileType = wrapper.framework; includeInIndex = 0; path = Pods_BuscardorTests.framework; sourceTree = BUILT_PRODUCTS_DIR; };
		10F9A7A7D1214F4C4C3BD645 /* Pods_Buscardor_BuscardorUITests.framework */ = {isa = PBXFileReference; explicitFileType = wrapper.framework; includeInIndex = 0; path = Pods_Buscardor_BuscardorUITests.framework; sourceTree = BUILT_PRODUCTS_DIR; };
		269761321942EC6650E4568A /* Pods-BuscardorTests.debug.xcconfig */ = {isa = PBXFileReference; includeInIndex = 1; lastKnownFileType = text.xcconfig; name = "Pods-BuscardorTests.debug.xcconfig"; path = "Target Support Files/Pods-BuscardorTests/Pods-BuscardorTests.debug.xcconfig"; sourceTree = "<group>"; };
		6C6EC5757D75E00AD8A63359 /* Pods-Buscardor-BuscardorUITests.debug.xcconfig */ = {isa = PBXFileReference; includeInIndex = 1; lastKnownFileType = text.xcconfig; name = "Pods-Buscardor-BuscardorUITests.debug.xcconfig"; path = "Target Support Files/Pods-Buscardor-BuscardorUITests/Pods-Buscardor-BuscardorUITests.debug.xcconfig"; sourceTree = "<group>"; };
		77B8ADAE4FC2E337D3E0A436 /* Pods-BuscardorTests.release.xcconfig */ = {isa = PBXFileReference; includeInIndex = 1; lastKnownFileType = text.xcconfig; name = "Pods-BuscardorTests.release.xcconfig"; path = "Target Support Files/Pods-BuscardorTests/Pods-BuscardorTests.release.xcconfig"; sourceTree = "<group>"; };
		8BD59EA078E8CA884C91A71C /* Pods-Buscardor.debug.xcconfig */ = {isa = PBXFileReference; includeInIndex = 1; lastKnownFileType = text.xcconfig; name = "Pods-Buscardor.debug.xcconfig"; path = "Target Support Files/Pods-Buscardor/Pods-Buscardor.debug.xcconfig"; sourceTree = "<group>"; };
		90A538862629224C00B43966 /* Buscardor.app */ = {isa = PBXFileReference; explicitFileType = wrapper.application; includeInIndex = 0; path = Buscardor.app; sourceTree = BUILT_PRODUCTS_DIR; };
		90A538892629224C00B43966 /* AppDelegate.swift */ = {isa = PBXFileReference; lastKnownFileType = sourcecode.swift; path = AppDelegate.swift; sourceTree = "<group>"; };
		90A538922629224F00B43966 /* Assets.xcassets */ = {isa = PBXFileReference; lastKnownFileType = folder.assetcatalog; path = Assets.xcassets; sourceTree = "<group>"; };
		90A538952629224F00B43966 /* Base */ = {isa = PBXFileReference; lastKnownFileType = file.storyboard; name = Base; path = Base.lproj/LaunchScreen.storyboard; sourceTree = "<group>"; };
		90A538972629224F00B43966 /* Info.plist */ = {isa = PBXFileReference; lastKnownFileType = text.plist.xml; path = Info.plist; sourceTree = "<group>"; };
		90A5389C2629224F00B43966 /* BuscardorTests.xctest */ = {isa = PBXFileReference; explicitFileType = wrapper.cfbundle; includeInIndex = 0; path = BuscardorTests.xctest; sourceTree = BUILT_PRODUCTS_DIR; };
		90A538A02629224F00B43966 /* BuscardorTests.swift */ = {isa = PBXFileReference; lastKnownFileType = sourcecode.swift; path = BuscardorTests.swift; sourceTree = "<group>"; };
		90A538A22629224F00B43966 /* Info.plist */ = {isa = PBXFileReference; lastKnownFileType = text.plist.xml; path = Info.plist; sourceTree = "<group>"; };
		90A538A72629224F00B43966 /* BuscardorUITests.xctest */ = {isa = PBXFileReference; explicitFileType = wrapper.cfbundle; includeInIndex = 0; path = BuscardorUITests.xctest; sourceTree = BUILT_PRODUCTS_DIR; };
		90A538AB2629224F00B43966 /* BuscardorUITests.swift */ = {isa = PBXFileReference; lastKnownFileType = sourcecode.swift; path = BuscardorUITests.swift; sourceTree = "<group>"; };
		90A538AD2629224F00B43966 /* Info.plist */ = {isa = PBXFileReference; lastKnownFileType = text.plist.xml; path = Info.plist; sourceTree = "<group>"; };
		90A539CA262A1F6100B43966 /* HomeViewController.swift */ = {isa = PBXFileReference; lastKnownFileType = sourcecode.swift; path = HomeViewController.swift; sourceTree = "<group>"; };
		90A539EE262A3BF200B43966 /* UIColor.swift */ = {isa = PBXFileReference; lastKnownFileType = sourcecode.swift; path = UIColor.swift; sourceTree = "<group>"; };
		90A539FC262A4A3400B43966 /* ResultViewController.swift */ = {isa = PBXFileReference; lastKnownFileType = sourcecode.swift; path = ResultViewController.swift; sourceTree = "<group>"; };
		90A53A12262A70F600B43966 /* ResultCell.swift */ = {isa = PBXFileReference; lastKnownFileType = sourcecode.swift; path = ResultCell.swift; sourceTree = "<group>"; };
		90A53A17262A7C6900B43966 /* DetailViewController.swift */ = {isa = PBXFileReference; lastKnownFileType = sourcecode.swift; path = DetailViewController.swift; sourceTree = "<group>"; };
		90A53A33262B2C8700B43966 /* ResultDTO.swift */ = {isa = PBXFileReference; lastKnownFileType = sourcecode.swift; path = ResultDTO.swift; sourceTree = "<group>"; };
		90A53A45262B59A400B43966 /* ResultPresenter.swift */ = {isa = PBXFileReference; lastKnownFileType = sourcecode.swift; path = ResultPresenter.swift; sourceTree = "<group>"; };
		90A53A54262B5B4500B43966 /* ResultProtocols.swift */ = {isa = PBXFileReference; lastKnownFileType = sourcecode.swift; path = ResultProtocols.swift; sourceTree = "<group>"; };
		90A53A5A262B5B7B00B43966 /* ResultViewModel.swift */ = {isa = PBXFileReference; lastKnownFileType = sourcecode.swift; path = ResultViewModel.swift; sourceTree = "<group>"; };
		90A53A62262B60F300B43966 /* ResultDependencyResolver.swift */ = {isa = PBXFileReference; lastKnownFileType = sourcecode.swift; path = ResultDependencyResolver.swift; sourceTree = "<group>"; };
		90A53A75262B6F0300B43966 /* ResultInteractor.swift */ = {isa = PBXFileReference; lastKnownFileType = sourcecode.swift; path = ResultInteractor.swift; sourceTree = "<group>"; };
		90A53A82262B7EB600B43966 /* ResultViewModelMapper.swift */ = {isa = PBXFileReference; lastKnownFileType = sourcecode.swift; path = ResultViewModelMapper.swift; sourceTree = "<group>"; };
		90A53A92262B858500B43966 /* BaseViewController.swift */ = {isa = PBXFileReference; lastKnownFileType = sourcecode.swift; path = BaseViewController.swift; sourceTree = "<group>"; };
		90A53AA1262B9C8A00B43966 /* ProgrammaticallyProtocol.swift */ = {isa = PBXFileReference; lastKnownFileType = sourcecode.swift; path = ProgrammaticallyProtocol.swift; sourceTree = "<group>"; };
		90A53AF1262D045900B43966 /* DetailInteractor.swift */ = {isa = PBXFileReference; lastKnownFileType = sourcecode.swift; path = DetailInteractor.swift; sourceTree = "<group>"; };
		90A53AFA262D047A00B43966 /* DetailDTO.swift */ = {isa = PBXFileReference; lastKnownFileType = sourcecode.swift; path = DetailDTO.swift; sourceTree = "<group>"; };
		90A53B02262D048D00B43966 /* DetailProtocols.swift */ = {isa = PBXFileReference; lastKnownFileType = sourcecode.swift; path = DetailProtocols.swift; sourceTree = "<group>"; };
		90A53B07262D049800B43966 /* DetailPresenter.swift */ = {isa = PBXFileReference; lastKnownFileType = sourcecode.swift; path = DetailPresenter.swift; sourceTree = "<group>"; };
		90A53B0C262D04AA00B43966 /* DetailDependencyResolver.swift */ = {isa = PBXFileReference; lastKnownFileType = sourcecode.swift; path = DetailDependencyResolver.swift; sourceTree = "<group>"; };
		90A53B12262D04C800B43966 /* DetailViewModel.swift */ = {isa = PBXFileReference; lastKnownFileType = sourcecode.swift; path = DetailViewModel.swift; sourceTree = "<group>"; };
		90A53B1A262D04D300B43966 /* DetailViewModelMapper.swift */ = {isa = PBXFileReference; lastKnownFileType = sourcecode.swift; path = DetailViewModelMapper.swift; sourceTree = "<group>"; };
		90A53B2D262DA6EA00B43966 /* NotFoundViewController.swift */ = {isa = PBXFileReference; lastKnownFileType = sourcecode.swift; path = NotFoundViewController.swift; sourceTree = "<group>"; };
		90A53B3B262DB6FA00B43966 /* GenericErrorViewController.swift */ = {isa = PBXFileReference; lastKnownFileType = sourcecode.swift; path = GenericErrorViewController.swift; sourceTree = "<group>"; };
		90A53C17262E2B9900B43966 /* HomePresenter.swift */ = {isa = PBXFileReference; lastKnownFileType = sourcecode.swift; path = HomePresenter.swift; sourceTree = "<group>"; };
		90A53C20262E381A00B43966 /* HomeDependencyResolver.swift */ = {isa = PBXFileReference; lastKnownFileType = sourcecode.swift; path = HomeDependencyResolver.swift; sourceTree = "<group>"; };
		90A53C28262E382300B43966 /* HomeProtocols.swift */ = {isa = PBXFileReference; lastKnownFileType = sourcecode.swift; path = HomeProtocols.swift; sourceTree = "<group>"; };
		90A53C2D262E3BF900B43966 /* UIImageView.swift */ = {isa = PBXFileReference; lastKnownFileType = sourcecode.swift; path = UIImageView.swift; sourceTree = "<group>"; };
		90A53C32262E3C2900B43966 /* FormatterHelper.swift */ = {isa = PBXFileReference; lastKnownFileType = sourcecode.swift; path = FormatterHelper.swift; sourceTree = "<group>"; };
		DFFAA4AAD59C88F04982612A /* Pods_Buscardor.framework */ = {isa = PBXFileReference; explicitFileType = wrapper.framework; includeInIndex = 0; path = Pods_Buscardor.framework; sourceTree = BUILT_PRODUCTS_DIR; };
		E6C9219696021B7803B3D737 /* Pods-Buscardor-BuscardorUITests.release.xcconfig */ = {isa = PBXFileReference; includeInIndex = 1; lastKnownFileType = text.xcconfig; name = "Pods-Buscardor-BuscardorUITests.release.xcconfig"; path = "Target Support Files/Pods-Buscardor-BuscardorUITests/Pods-Buscardor-BuscardorUITests.release.xcconfig"; sourceTree = "<group>"; };
		EDDEE99A1B077259BD50ECBA /* Pods-Buscardor.release.xcconfig */ = {isa = PBXFileReference; includeInIndex = 1; lastKnownFileType = text.xcconfig; name = "Pods-Buscardor.release.xcconfig"; path = "Target Support Files/Pods-Buscardor/Pods-Buscardor.release.xcconfig"; sourceTree = "<group>"; };
/* End PBXFileReference section */

/* Begin PBXFrameworksBuildPhase section */
		90A538832629224C00B43966 /* Frameworks */ = {
			isa = PBXFrameworksBuildPhase;
			buildActionMask = 2147483647;
			files = (
				7C045CF550A06A281F586F3E /* Pods_Buscardor.framework in Frameworks */,
			);
			runOnlyForDeploymentPostprocessing = 0;
		};
		90A538992629224F00B43966 /* Frameworks */ = {
			isa = PBXFrameworksBuildPhase;
			buildActionMask = 2147483647;
			files = (
				101172084AA4A6DAA060CF3D /* Pods_BuscardorTests.framework in Frameworks */,
			);
			runOnlyForDeploymentPostprocessing = 0;
		};
		90A538A42629224F00B43966 /* Frameworks */ = {
			isa = PBXFrameworksBuildPhase;
			buildActionMask = 2147483647;
			files = (
				6275516FE3E71751938BCA8D /* Pods_Buscardor_BuscardorUITests.framework in Frameworks */,
			);
			runOnlyForDeploymentPostprocessing = 0;
		};
/* End PBXFrameworksBuildPhase section */

/* Begin PBXGroup section */
		8E75D33161B3DC705E0AF75D /* Pods */ = {
			isa = PBXGroup;
			children = (
				8BD59EA078E8CA884C91A71C /* Pods-Buscardor.debug.xcconfig */,
				EDDEE99A1B077259BD50ECBA /* Pods-Buscardor.release.xcconfig */,
				6C6EC5757D75E00AD8A63359 /* Pods-Buscardor-BuscardorUITests.debug.xcconfig */,
				E6C9219696021B7803B3D737 /* Pods-Buscardor-BuscardorUITests.release.xcconfig */,
				269761321942EC6650E4568A /* Pods-BuscardorTests.debug.xcconfig */,
				77B8ADAE4FC2E337D3E0A436 /* Pods-BuscardorTests.release.xcconfig */,
			);
			path = Pods;
			sourceTree = "<group>";
		};
		90A5387D2629224C00B43966 = {
			isa = PBXGroup;
			children = (
				90A538882629224C00B43966 /* Buscardor */,
				90A5389F2629224F00B43966 /* BuscardorTests */,
				90A538AA2629224F00B43966 /* BuscardorUITests */,
				90A538872629224C00B43966 /* Products */,
				8E75D33161B3DC705E0AF75D /* Pods */,
				D2FF03CDC8403295F5127674 /* Frameworks */,
			);
			sourceTree = "<group>";
		};
		90A538872629224C00B43966 /* Products */ = {
			isa = PBXGroup;
			children = (
				90A538862629224C00B43966 /* Buscardor.app */,
				90A5389C2629224F00B43966 /* BuscardorTests.xctest */,
				90A538A72629224F00B43966 /* BuscardorUITests.xctest */,
			);
			name = Products;
			sourceTree = "<group>";
		};
		90A538882629224C00B43966 /* Buscardor */ = {
			isa = PBXGroup;
			children = (
				90A538892629224C00B43966 /* AppDelegate.swift */,
				90A538922629224F00B43966 /* Assets.xcassets */,
				90A53A91262B856400B43966 /* Common */,
				90A539F8262A49F900B43966 /* Scenes */,
				90A539ED262A3BE000B43966 /* Extensions */,
				90A538942629224F00B43966 /* LaunchScreen.storyboard */,
				90A538972629224F00B43966 /* Info.plist */,
			);
			path = Buscardor;
			sourceTree = "<group>";
		};
		90A5389F2629224F00B43966 /* BuscardorTests */ = {
			isa = PBXGroup;
			children = (
				90A538A02629224F00B43966 /* BuscardorTests.swift */,
				90A538A22629224F00B43966 /* Info.plist */,
			);
			path = BuscardorTests;
			sourceTree = "<group>";
		};
		90A538AA2629224F00B43966 /* BuscardorUITests */ = {
			isa = PBXGroup;
			children = (
				90A538AB2629224F00B43966 /* BuscardorUITests.swift */,
				90A538AD2629224F00B43966 /* Info.plist */,
			);
			path = BuscardorUITests;
			sourceTree = "<group>";
		};
		90A539C6262A1F4500B43966 /* UI */ = {
			isa = PBXGroup;
			children = (
				90A539CA262A1F6100B43966 /* HomeViewController.swift */,
			);
			path = UI;
			sourceTree = "<group>";
		};
		90A539ED262A3BE000B43966 /* Extensions */ = {
			isa = PBXGroup;
			children = (
				90A539EE262A3BF200B43966 /* UIColor.swift */,
				90A53C2D262E3BF900B43966 /* UIImageView.swift */,
			);
			path = Extensions;
			sourceTree = "<group>";
		};
		90A539F8262A49F900B43966 /* Scenes */ = {
			isa = PBXGroup;
			children = (
				90A539FB262A4A1000B43966 /* Detail */,
				90A539FA262A4A0900B43966 /* Result */,
				90A539F9262A4A0200B43966 /* Home */,
			);
			path = Scenes;
			sourceTree = "<group>";
		};
		90A539F9262A4A0200B43966 /* Home */ = {
			isa = PBXGroup;
			children = (
				90A53C1F262E380100B43966 /* Core */,
				90A53C16262E2B8900B43966 /* Presentation */,
				90A539C6262A1F4500B43966 /* UI */,
			);
			path = Home;
			sourceTree = "<group>";
		};
		90A539FA262A4A0900B43966 /* Result */ = {
			isa = PBXGroup;
			children = (
				90A53A4D262B59AF00B43966 /* Core */,
				90A53A4E262B59B900B43966 /* Data */,
				90A53A4F262B59C800B43966 /* Domain */,
				90A53A44262B597900B43966 /* Presentation */,
				90A53A50262B59CF00B43966 /* UI */,
			);
			path = Result;
			sourceTree = "<group>";
		};
		90A539FB262A4A1000B43966 /* Detail */ = {
			isa = PBXGroup;
			children = (
				90A53AEF262D043A00B43966 /* Core */,
				90A53AEE262D043400B43966 /* Data */,
				90A53AED262D042F00B43966 /* Domain */,
				90A53AF0262D043F00B43966 /* Presentation */,
				90A53AEC262D042A00B43966 /* UI */,
			);
			path = Detail;
			sourceTree = "<group>";
		};
		90A53A44262B597900B43966 /* Presentation */ = {
			isa = PBXGroup;
			children = (
				90A53A45262B59A400B43966 /* ResultPresenter.swift */,
				90A53A59262B5B6A00B43966 /* ViewModel */,
			);
			path = Presentation;
			sourceTree = "<group>";
		};
		90A53A4D262B59AF00B43966 /* Core */ = {
			isa = PBXGroup;
			children = (
				90A53A54262B5B4500B43966 /* ResultProtocols.swift */,
				90A53A62262B60F300B43966 /* ResultDependencyResolver.swift */,
			);
			path = Core;
			sourceTree = "<group>";
		};
		90A53A4E262B59B900B43966 /* Data */ = {
			isa = PBXGroup;
			children = (
				90A53A33262B2C8700B43966 /* ResultDTO.swift */,
			);
			path = Data;
			sourceTree = "<group>";
		};
		90A53A4F262B59C800B43966 /* Domain */ = {
			isa = PBXGroup;
			children = (
				90A53A75262B6F0300B43966 /* ResultInteractor.swift */,
			);
			path = Domain;
			sourceTree = "<group>";
		};
		90A53A50262B59CF00B43966 /* UI */ = {
			isa = PBXGroup;
			children = (
				90A539FC262A4A3400B43966 /* ResultViewController.swift */,
				90A53A12262A70F600B43966 /* ResultCell.swift */,
			);
			path = UI;
			sourceTree = "<group>";
		};
		90A53A59262B5B6A00B43966 /* ViewModel */ = {
			isa = PBXGroup;
			children = (
				90A53A5A262B5B7B00B43966 /* ResultViewModel.swift */,
				90A53A82262B7EB600B43966 /* ResultViewModelMapper.swift */,
			);
			path = ViewModel;
			sourceTree = "<group>";
		};
		90A53A91262B856400B43966 /* Common */ = {
			isa = PBXGroup;
			children = (
				90A53B2C262DA6AF00B43966 /* Views */,
				90A53A92262B858500B43966 /* BaseViewController.swift */,
				90A53AA1262B9C8A00B43966 /* ProgrammaticallyProtocol.swift */,
				90A53C32262E3C2900B43966 /* FormatterHelper.swift */,
			);
			path = Common;
			sourceTree = "<group>";
		};
		90A53AEC262D042A00B43966 /* UI */ = {
			isa = PBXGroup;
			children = (
				90A53A17262A7C6900B43966 /* DetailViewController.swift */,
			);
			path = UI;
			sourceTree = "<group>";
		};
		90A53AED262D042F00B43966 /* Domain */ = {
			isa = PBXGroup;
			children = (
				90A53AF1262D045900B43966 /* DetailInteractor.swift */,
			);
			path = Domain;
			sourceTree = "<group>";
		};
		90A53AEE262D043400B43966 /* Data */ = {
			isa = PBXGroup;
			children = (
				90A53AFA262D047A00B43966 /* DetailDTO.swift */,
			);
			path = Data;
			sourceTree = "<group>";
		};
		90A53AEF262D043A00B43966 /* Core */ = {
			isa = PBXGroup;
			children = (
				90A53B02262D048D00B43966 /* DetailProtocols.swift */,
				90A53B0C262D04AA00B43966 /* DetailDependencyResolver.swift */,
			);
			path = Core;
			sourceTree = "<group>";
		};
		90A53AF0262D043F00B43966 /* Presentation */ = {
			isa = PBXGroup;
			children = (
				90A53B07262D049800B43966 /* DetailPresenter.swift */,
				90A53B11262D04B500B43966 /* ViewModel */,
			);
			path = Presentation;
			sourceTree = "<group>";
		};
		90A53B11262D04B500B43966 /* ViewModel */ = {
			isa = PBXGroup;
			children = (
				90A53B12262D04C800B43966 /* DetailViewModel.swift */,
				90A53B1A262D04D300B43966 /* DetailViewModelMapper.swift */,
			);
			path = ViewModel;
			sourceTree = "<group>";
		};
		90A53B2C262DA6AF00B43966 /* Views */ = {
			isa = PBXGroup;
			children = (
				90A53B2D262DA6EA00B43966 /* NotFoundViewController.swift */,
				90A53B3B262DB6FA00B43966 /* GenericErrorViewController.swift */,
			);
			path = Views;
			sourceTree = "<group>";
		};
		90A53C16262E2B8900B43966 /* Presentation */ = {
			isa = PBXGroup;
			children = (
				90A53C17262E2B9900B43966 /* HomePresenter.swift */,
			);
			path = Presentation;
			sourceTree = "<group>";
		};
		90A53C1F262E380100B43966 /* Core */ = {
			isa = PBXGroup;
			children = (
				90A53C20262E381A00B43966 /* HomeDependencyResolver.swift */,
				90A53C28262E382300B43966 /* HomeProtocols.swift */,
			);
			path = Core;
			sourceTree = "<group>";
		};
		D2FF03CDC8403295F5127674 /* Frameworks */ = {
			isa = PBXGroup;
			children = (
				DFFAA4AAD59C88F04982612A /* Pods_Buscardor.framework */,
				10F9A7A7D1214F4C4C3BD645 /* Pods_Buscardor_BuscardorUITests.framework */,
				0B3C8C8347096BC8E05C897A /* Pods_BuscardorTests.framework */,
			);
			name = Frameworks;
			sourceTree = "<group>";
		};
/* End PBXGroup section */

/* Begin PBXNativeTarget section */
		90A538852629224C00B43966 /* Buscardor */ = {
			isa = PBXNativeTarget;
			buildConfigurationList = 90A538B02629224F00B43966 /* Build configuration list for PBXNativeTarget "Buscardor" */;
			buildPhases = (
				A8EB9E926704A73CF2E685C4 /* [CP] Check Pods Manifest.lock */,
				90A538822629224C00B43966 /* Sources */,
				90A538832629224C00B43966 /* Frameworks */,
				90A538842629224C00B43966 /* Resources */,
				EE40E9A2B1844A4B748970E0 /* [CP] Embed Pods Frameworks */,
			);
			buildRules = (
			);
			dependencies = (
			);
			name = Buscardor;
			productName = Buscardor;
			productReference = 90A538862629224C00B43966 /* Buscardor.app */;
			productType = "com.apple.product-type.application";
		};
		90A5389B2629224F00B43966 /* BuscardorTests */ = {
			isa = PBXNativeTarget;
			buildConfigurationList = 90A538B32629224F00B43966 /* Build configuration list for PBXNativeTarget "BuscardorTests" */;
			buildPhases = (
				BB9051D0BA47BAC9BFB699A5 /* [CP] Check Pods Manifest.lock */,
				90A538982629224F00B43966 /* Sources */,
				90A538992629224F00B43966 /* Frameworks */,
				90A5389A2629224F00B43966 /* Resources */,
			);
			buildRules = (
			);
			dependencies = (
				90A5389E2629224F00B43966 /* PBXTargetDependency */,
			);
			name = BuscardorTests;
			productName = BuscardorTests;
			productReference = 90A5389C2629224F00B43966 /* BuscardorTests.xctest */;
			productType = "com.apple.product-type.bundle.unit-test";
		};
		90A538A62629224F00B43966 /* BuscardorUITests */ = {
			isa = PBXNativeTarget;
			buildConfigurationList = 90A538B62629224F00B43966 /* Build configuration list for PBXNativeTarget "BuscardorUITests" */;
			buildPhases = (
				DE234A3E857DF2C55414D928 /* [CP] Check Pods Manifest.lock */,
				90A538A32629224F00B43966 /* Sources */,
				90A538A42629224F00B43966 /* Frameworks */,
				90A538A52629224F00B43966 /* Resources */,
				E368D0169220DADDC7CA354A /* [CP] Embed Pods Frameworks */,
			);
			buildRules = (
			);
			dependencies = (
				90A538A92629224F00B43966 /* PBXTargetDependency */,
			);
			name = BuscardorUITests;
			productName = BuscardorUITests;
			productReference = 90A538A72629224F00B43966 /* BuscardorUITests.xctest */;
			productType = "com.apple.product-type.bundle.ui-testing";
		};
/* End PBXNativeTarget section */

/* Begin PBXProject section */
		90A5387E2629224C00B43966 /* Project object */ = {
			isa = PBXProject;
			attributes = {
				LastSwiftUpdateCheck = 1230;
				LastUpgradeCheck = 1230;
				TargetAttributes = {
					90A538852629224C00B43966 = {
						CreatedOnToolsVersion = 12.3;
					};
					90A5389B2629224F00B43966 = {
						CreatedOnToolsVersion = 12.3;
						TestTargetID = 90A538852629224C00B43966;
					};
					90A538A62629224F00B43966 = {
						CreatedOnToolsVersion = 12.3;
						TestTargetID = 90A538852629224C00B43966;
					};
				};
			};
			buildConfigurationList = 90A538812629224C00B43966 /* Build configuration list for PBXProject "Buscardor" */;
			compatibilityVersion = "Xcode 9.3";
			developmentRegion = en;
			hasScannedForEncodings = 0;
			knownRegions = (
				en,
				Base,
			);
			mainGroup = 90A5387D2629224C00B43966;
			productRefGroup = 90A538872629224C00B43966 /* Products */;
			projectDirPath = "";
			projectRoot = "";
			targets = (
				90A538852629224C00B43966 /* Buscardor */,
				90A5389B2629224F00B43966 /* BuscardorTests */,
				90A538A62629224F00B43966 /* BuscardorUITests */,
			);
		};
/* End PBXProject section */

/* Begin PBXResourcesBuildPhase section */
		90A538842629224C00B43966 /* Resources */ = {
			isa = PBXResourcesBuildPhase;
			buildActionMask = 2147483647;
			files = (
				90A538962629224F00B43966 /* LaunchScreen.storyboard in Resources */,
				90A538932629224F00B43966 /* Assets.xcassets in Resources */,
			);
			runOnlyForDeploymentPostprocessing = 0;
		};
		90A5389A2629224F00B43966 /* Resources */ = {
			isa = PBXResourcesBuildPhase;
			buildActionMask = 2147483647;
			files = (
			);
			runOnlyForDeploymentPostprocessing = 0;
		};
		90A538A52629224F00B43966 /* Resources */ = {
			isa = PBXResourcesBuildPhase;
			buildActionMask = 2147483647;
			files = (
			);
			runOnlyForDeploymentPostprocessing = 0;
		};
/* End PBXResourcesBuildPhase section */

/* Begin PBXShellScriptBuildPhase section */
		A8EB9E926704A73CF2E685C4 /* [CP] Check Pods Manifest.lock */ = {
			isa = PBXShellScriptBuildPhase;
			buildActionMask = 2147483647;
			files = (
			);
			inputFileListPaths = (
			);
			inputPaths = (
				"${PODS_PODFILE_DIR_PATH}/Podfile.lock",
				"${PODS_ROOT}/Manifest.lock",
			);
			name = "[CP] Check Pods Manifest.lock";
			outputFileListPaths = (
			);
			outputPaths = (
				"$(DERIVED_FILE_DIR)/Pods-Buscardor-checkManifestLockResult.txt",
			);
			runOnlyForDeploymentPostprocessing = 0;
			shellPath = /bin/sh;
			shellScript = "diff \"${PODS_PODFILE_DIR_PATH}/Podfile.lock\" \"${PODS_ROOT}/Manifest.lock\" > /dev/null\nif [ $? != 0 ] ; then\n    # print error to STDERR\n    echo \"error: The sandbox is not in sync with the Podfile.lock. Run 'pod install' or update your CocoaPods installation.\" >&2\n    exit 1\nfi\n# This output is used by Xcode 'outputs' to avoid re-running this script phase.\necho \"SUCCESS\" > \"${SCRIPT_OUTPUT_FILE_0}\"\n";
			showEnvVarsInLog = 0;
		};
		BB9051D0BA47BAC9BFB699A5 /* [CP] Check Pods Manifest.lock */ = {
			isa = PBXShellScriptBuildPhase;
			buildActionMask = 2147483647;
			files = (
			);
			inputFileListPaths = (
			);
			inputPaths = (
				"${PODS_PODFILE_DIR_PATH}/Podfile.lock",
				"${PODS_ROOT}/Manifest.lock",
			);
			name = "[CP] Check Pods Manifest.lock";
			outputFileListPaths = (
			);
			outputPaths = (
				"$(DERIVED_FILE_DIR)/Pods-BuscardorTests-checkManifestLockResult.txt",
			);
			runOnlyForDeploymentPostprocessing = 0;
			shellPath = /bin/sh;
			shellScript = "diff \"${PODS_PODFILE_DIR_PATH}/Podfile.lock\" \"${PODS_ROOT}/Manifest.lock\" > /dev/null\nif [ $? != 0 ] ; then\n    # print error to STDERR\n    echo \"error: The sandbox is not in sync with the Podfile.lock. Run 'pod install' or update your CocoaPods installation.\" >&2\n    exit 1\nfi\n# This output is used by Xcode 'outputs' to avoid re-running this script phase.\necho \"SUCCESS\" > \"${SCRIPT_OUTPUT_FILE_0}\"\n";
			showEnvVarsInLog = 0;
		};
		DE234A3E857DF2C55414D928 /* [CP] Check Pods Manifest.lock */ = {
			isa = PBXShellScriptBuildPhase;
			buildActionMask = 2147483647;
			files = (
			);
			inputFileListPaths = (
			);
			inputPaths = (
				"${PODS_PODFILE_DIR_PATH}/Podfile.lock",
				"${PODS_ROOT}/Manifest.lock",
			);
			name = "[CP] Check Pods Manifest.lock";
			outputFileListPaths = (
			);
			outputPaths = (
				"$(DERIVED_FILE_DIR)/Pods-Buscardor-BuscardorUITests-checkManifestLockResult.txt",
			);
			runOnlyForDeploymentPostprocessing = 0;
			shellPath = /bin/sh;
			shellScript = "diff \"${PODS_PODFILE_DIR_PATH}/Podfile.lock\" \"${PODS_ROOT}/Manifest.lock\" > /dev/null\nif [ $? != 0 ] ; then\n    # print error to STDERR\n    echo \"error: The sandbox is not in sync with the Podfile.lock. Run 'pod install' or update your CocoaPods installation.\" >&2\n    exit 1\nfi\n# This output is used by Xcode 'outputs' to avoid re-running this script phase.\necho \"SUCCESS\" > \"${SCRIPT_OUTPUT_FILE_0}\"\n";
			showEnvVarsInLog = 0;
		};
		E368D0169220DADDC7CA354A /* [CP] Embed Pods Frameworks */ = {
			isa = PBXShellScriptBuildPhase;
			buildActionMask = 2147483647;
			files = (
			);
			inputFileListPaths = (
				"${PODS_ROOT}/Target Support Files/Pods-Buscardor-BuscardorUITests/Pods-Buscardor-BuscardorUITests-frameworks-${CONFIGURATION}-input-files.xcfilelist",
			);
			name = "[CP] Embed Pods Frameworks";
			outputFileListPaths = (
				"${PODS_ROOT}/Target Support Files/Pods-Buscardor-BuscardorUITests/Pods-Buscardor-BuscardorUITests-frameworks-${CONFIGURATION}-output-files.xcfilelist",
			);
			runOnlyForDeploymentPostprocessing = 0;
			shellPath = /bin/sh;
			shellScript = "\"${PODS_ROOT}/Target Support Files/Pods-Buscardor-BuscardorUITests/Pods-Buscardor-BuscardorUITests-frameworks.sh\"\n";
			showEnvVarsInLog = 0;
		};
		EE40E9A2B1844A4B748970E0 /* [CP] Embed Pods Frameworks */ = {
			isa = PBXShellScriptBuildPhase;
			buildActionMask = 2147483647;
			files = (
			);
			inputFileListPaths = (
				"${PODS_ROOT}/Target Support Files/Pods-Buscardor/Pods-Buscardor-frameworks-${CONFIGURATION}-input-files.xcfilelist",
			);
			name = "[CP] Embed Pods Frameworks";
			outputFileListPaths = (
				"${PODS_ROOT}/Target Support Files/Pods-Buscardor/Pods-Buscardor-frameworks-${CONFIGURATION}-output-files.xcfilelist",
			);
			runOnlyForDeploymentPostprocessing = 0;
			shellPath = /bin/sh;
			shellScript = "\"${PODS_ROOT}/Target Support Files/Pods-Buscardor/Pods-Buscardor-frameworks.sh\"\n";
			showEnvVarsInLog = 0;
		};
/* End PBXShellScriptBuildPhase section */

/* Begin PBXSourcesBuildPhase section */
		90A538822629224C00B43966 /* Sources */ = {
			isa = PBXSourcesBuildPhase;
			buildActionMask = 2147483647;
			files = (
				90A53A34262B2C8700B43966 /* ResultDTO.swift in Sources */,
				90A53C21262E381A00B43966 /* HomeDependencyResolver.swift in Sources */,
				90A53A5B262B5B7B00B43966 /* ResultViewModel.swift in Sources */,
				90A53A18262A7C6900B43966 /* DetailViewController.swift in Sources */,
				90A53A63262B60F300B43966 /* ResultDependencyResolver.swift in Sources */,
				90A53AFB262D047A00B43966 /* DetailDTO.swift in Sources */,
				90A53B2E262DA6EA00B43966 /* NotFoundViewController.swift in Sources */,
				90A5388A2629224C00B43966 /* AppDelegate.swift in Sources */,
				90A53A93262B858500B43966 /* BaseViewController.swift in Sources */,
				90A539EF262A3BF200B43966 /* UIColor.swift in Sources */,
				90A53C33262E3C2900B43966 /* FormatterHelper.swift in Sources */,
				90A53B1B262D04D300B43966 /* DetailViewModelMapper.swift in Sources */,
				90A539CB262A1F6100B43966 /* HomeViewController.swift in Sources */,
				90A53B0D262D04AA00B43966 /* DetailDependencyResolver.swift in Sources */,
				90A53C29262E382300B43966 /* HomeProtocols.swift in Sources */,
				90A53A76262B6F0300B43966 /* ResultInteractor.swift in Sources */,
				90A53C18262E2B9900B43966 /* HomePresenter.swift in Sources */,
				90A53C2E262E3BF900B43966 /* UIImageView.swift in Sources */,
				90A53B08262D049800B43966 /* DetailPresenter.swift in Sources */,
				90A53B03262D048D00B43966 /* DetailProtocols.swift in Sources */,
				90A53A13262A70F600B43966 /* ResultCell.swift in Sources */,
				90A53AA2262B9C8B00B43966 /* ProgrammaticallyProtocol.swift in Sources */,
				90A539FD262A4A3400B43966 /* ResultViewController.swift in Sources */,
				90A53B3C262DB6FA00B43966 /* GenericErrorViewController.swift in Sources */,
				90A53B13262D04C800B43966 /* DetailViewModel.swift in Sources */,
				90A53A55262B5B4500B43966 /* ResultProtocols.swift in Sources */,
				90A53A46262B59A400B43966 /* ResultPresenter.swift in Sources */,
				90A53A83262B7EB600B43966 /* ResultViewModelMapper.swift in Sources */,
				90A53AF2262D045900B43966 /* DetailInteractor.swift in Sources */,
			);
			runOnlyForDeploymentPostprocessing = 0;
		};
		90A538982629224F00B43966 /* Sources */ = {
			isa = PBXSourcesBuildPhase;
			buildActionMask = 2147483647;
			files = (
				90A538A12629224F00B43966 /* BuscardorTests.swift in Sources */,
			);
			runOnlyForDeploymentPostprocessing = 0;
		};
		90A538A32629224F00B43966 /* Sources */ = {
			isa = PBXSourcesBuildPhase;
			buildActionMask = 2147483647;
			files = (
				90A538AC2629224F00B43966 /* BuscardorUITests.swift in Sources */,
			);
			runOnlyForDeploymentPostprocessing = 0;
		};
/* End PBXSourcesBuildPhase section */

/* Begin PBXTargetDependency section */
		90A5389E2629224F00B43966 /* PBXTargetDependency */ = {
			isa = PBXTargetDependency;
			target = 90A538852629224C00B43966 /* Buscardor */;
			targetProxy = 90A5389D2629224F00B43966 /* PBXContainerItemProxy */;
		};
		90A538A92629224F00B43966 /* PBXTargetDependency */ = {
			isa = PBXTargetDependency;
			target = 90A538852629224C00B43966 /* Buscardor */;
			targetProxy = 90A538A82629224F00B43966 /* PBXContainerItemProxy */;
		};
/* End PBXTargetDependency section */

/* Begin PBXVariantGroup section */
		90A538942629224F00B43966 /* LaunchScreen.storyboard */ = {
			isa = PBXVariantGroup;
			children = (
				90A538952629224F00B43966 /* Base */,
			);
			name = LaunchScreen.storyboard;
			sourceTree = "<group>";
		};
/* End PBXVariantGroup section */

/* Begin XCBuildConfiguration section */
		90A538AE2629224F00B43966 /* Debug */ = {
			isa = XCBuildConfiguration;
			buildSettings = {
				ALWAYS_SEARCH_USER_PATHS = NO;
				CLANG_ANALYZER_NONNULL = YES;
				CLANG_ANALYZER_NUMBER_OBJECT_CONVERSION = YES_AGGRESSIVE;
				CLANG_CXX_LANGUAGE_STANDARD = "gnu++14";
				CLANG_CXX_LIBRARY = "libc++";
				CLANG_ENABLE_MODULES = YES;
				CLANG_ENABLE_OBJC_ARC = YES;
				CLANG_ENABLE_OBJC_WEAK = YES;
				CLANG_WARN_BLOCK_CAPTURE_AUTORELEASING = YES;
				CLANG_WARN_BOOL_CONVERSION = YES;
				CLANG_WARN_COMMA = YES;
				CLANG_WARN_CONSTANT_CONVERSION = YES;
				CLANG_WARN_DEPRECATED_OBJC_IMPLEMENTATIONS = YES;
				CLANG_WARN_DIRECT_OBJC_ISA_USAGE = YES_ERROR;
				CLANG_WARN_DOCUMENTATION_COMMENTS = YES;
				CLANG_WARN_EMPTY_BODY = YES;
				CLANG_WARN_ENUM_CONVERSION = YES;
				CLANG_WARN_INFINITE_RECURSION = YES;
				CLANG_WARN_INT_CONVERSION = YES;
				CLANG_WARN_NON_LITERAL_NULL_CONVERSION = YES;
				CLANG_WARN_OBJC_IMPLICIT_RETAIN_SELF = YES;
				CLANG_WARN_OBJC_LITERAL_CONVERSION = YES;
				CLANG_WARN_OBJC_ROOT_CLASS = YES_ERROR;
				CLANG_WARN_QUOTED_INCLUDE_IN_FRAMEWORK_HEADER = YES;
				CLANG_WARN_RANGE_LOOP_ANALYSIS = YES;
				CLANG_WARN_STRICT_PROTOTYPES = YES;
				CLANG_WARN_SUSPICIOUS_MOVE = YES;
				CLANG_WARN_UNGUARDED_AVAILABILITY = YES_AGGRESSIVE;
				CLANG_WARN_UNREACHABLE_CODE = YES;
				CLANG_WARN__DUPLICATE_METHOD_MATCH = YES;
				COPY_PHASE_STRIP = NO;
				DEBUG_INFORMATION_FORMAT = dwarf;
				ENABLE_STRICT_OBJC_MSGSEND = YES;
				ENABLE_TESTABILITY = YES;
				GCC_C_LANGUAGE_STANDARD = gnu11;
				GCC_DYNAMIC_NO_PIC = NO;
				GCC_NO_COMMON_BLOCKS = YES;
				GCC_OPTIMIZATION_LEVEL = 0;
				GCC_PREPROCESSOR_DEFINITIONS = (
					"DEBUG=1",
					"$(inherited)",
				);
				GCC_WARN_64_TO_32_BIT_CONVERSION = YES;
				GCC_WARN_ABOUT_RETURN_TYPE = YES_ERROR;
				GCC_WARN_UNDECLARED_SELECTOR = YES;
				GCC_WARN_UNINITIALIZED_AUTOS = YES_AGGRESSIVE;
				GCC_WARN_UNUSED_FUNCTION = YES;
				GCC_WARN_UNUSED_VARIABLE = YES;
				IPHONEOS_DEPLOYMENT_TARGET = 13.0;
				MTL_ENABLE_DEBUG_INFO = INCLUDE_SOURCE;
				MTL_FAST_MATH = YES;
				ONLY_ACTIVE_ARCH = YES;
				SDKROOT = iphoneos;
				SWIFT_ACTIVE_COMPILATION_CONDITIONS = DEBUG;
				SWIFT_OPTIMIZATION_LEVEL = "-Onone";
			};
			name = Debug;
		};
		90A538AF2629224F00B43966 /* Release */ = {
			isa = XCBuildConfiguration;
			buildSettings = {
				ALWAYS_SEARCH_USER_PATHS = NO;
				CLANG_ANALYZER_NONNULL = YES;
				CLANG_ANALYZER_NUMBER_OBJECT_CONVERSION = YES_AGGRESSIVE;
				CLANG_CXX_LANGUAGE_STANDARD = "gnu++14";
				CLANG_CXX_LIBRARY = "libc++";
				CLANG_ENABLE_MODULES = YES;
				CLANG_ENABLE_OBJC_ARC = YES;
				CLANG_ENABLE_OBJC_WEAK = YES;
				CLANG_WARN_BLOCK_CAPTURE_AUTORELEASING = YES;
				CLANG_WARN_BOOL_CONVERSION = YES;
				CLANG_WARN_COMMA = YES;
				CLANG_WARN_CONSTANT_CONVERSION = YES;
				CLANG_WARN_DEPRECATED_OBJC_IMPLEMENTATIONS = YES;
				CLANG_WARN_DIRECT_OBJC_ISA_USAGE = YES_ERROR;
				CLANG_WARN_DOCUMENTATION_COMMENTS = YES;
				CLANG_WARN_EMPTY_BODY = YES;
				CLANG_WARN_ENUM_CONVERSION = YES;
				CLANG_WARN_INFINITE_RECURSION = YES;
				CLANG_WARN_INT_CONVERSION = YES;
				CLANG_WARN_NON_LITERAL_NULL_CONVERSION = YES;
				CLANG_WARN_OBJC_IMPLICIT_RETAIN_SELF = YES;
				CLANG_WARN_OBJC_LITERAL_CONVERSION = YES;
				CLANG_WARN_OBJC_ROOT_CLASS = YES_ERROR;
				CLANG_WARN_QUOTED_INCLUDE_IN_FRAMEWORK_HEADER = YES;
				CLANG_WARN_RANGE_LOOP_ANALYSIS = YES;
				CLANG_WARN_STRICT_PROTOTYPES = YES;
				CLANG_WARN_SUSPICIOUS_MOVE = YES;
				CLANG_WARN_UNGUARDED_AVAILABILITY = YES_AGGRESSIVE;
				CLANG_WARN_UNREACHABLE_CODE = YES;
				CLANG_WARN__DUPLICATE_METHOD_MATCH = YES;
				COPY_PHASE_STRIP = NO;
				DEBUG_INFORMATION_FORMAT = "dwarf-with-dsym";
				ENABLE_NS_ASSERTIONS = NO;
				ENABLE_STRICT_OBJC_MSGSEND = YES;
				GCC_C_LANGUAGE_STANDARD = gnu11;
				GCC_NO_COMMON_BLOCKS = YES;
				GCC_WARN_64_TO_32_BIT_CONVERSION = YES;
				GCC_WARN_ABOUT_RETURN_TYPE = YES_ERROR;
				GCC_WARN_UNDECLARED_SELECTOR = YES;
				GCC_WARN_UNINITIALIZED_AUTOS = YES_AGGRESSIVE;
				GCC_WARN_UNUSED_FUNCTION = YES;
				GCC_WARN_UNUSED_VARIABLE = YES;
				IPHONEOS_DEPLOYMENT_TARGET = 13.0;
				MTL_ENABLE_DEBUG_INFO = NO;
				MTL_FAST_MATH = YES;
				SDKROOT = iphoneos;
				SWIFT_COMPILATION_MODE = wholemodule;
				SWIFT_OPTIMIZATION_LEVEL = "-O";
				VALIDATE_PRODUCT = YES;
			};
			name = Release;
		};
		90A538B12629224F00B43966 /* Debug */ = {
			isa = XCBuildConfiguration;
			baseConfigurationReference = 8BD59EA078E8CA884C91A71C /* Pods-Buscardor.debug.xcconfig */;
			buildSettings = {
				ASSETCATALOG_COMPILER_APPICON_NAME = AppIcon;
				ASSETCATALOG_COMPILER_GLOBAL_ACCENT_COLOR_NAME = AccentColor;
				CODE_SIGN_STYLE = Automatic;
				DEVELOPMENT_TEAM = CDH7GCPKZV;
				INFOPLIST_FILE = Buscardor/Info.plist;
				LD_RUNPATH_SEARCH_PATHS = (
					"$(inherited)",
					"@executable_path/Frameworks",
				);
				PRODUCT_BUNDLE_IDENTIFIER = com.romina.Buscardor;
				PRODUCT_NAME = "$(TARGET_NAME)";
				SWIFT_VERSION = 5.0;
				TARGETED_DEVICE_FAMILY = "1,2";
			};
			name = Debug;
		};
		90A538B22629224F00B43966 /* Release */ = {
			isa = XCBuildConfiguration;
			baseConfigurationReference = EDDEE99A1B077259BD50ECBA /* Pods-Buscardor.release.xcconfig */;
			buildSettings = {
				ASSETCATALOG_COMPILER_APPICON_NAME = AppIcon;
				ASSETCATALOG_COMPILER_GLOBAL_ACCENT_COLOR_NAME = AccentColor;
				CODE_SIGN_STYLE = Automatic;
				DEVELOPMENT_TEAM = CDH7GCPKZV;
				INFOPLIST_FILE = Buscardor/Info.plist;
				LD_RUNPATH_SEARCH_PATHS = (
					"$(inherited)",
					"@executable_path/Frameworks",
				);
				PRODUCT_BUNDLE_IDENTIFIER = com.romina.Buscardor;
				PRODUCT_NAME = "$(TARGET_NAME)";
				SWIFT_VERSION = 5.0;
				TARGETED_DEVICE_FAMILY = "1,2";
			};
			name = Release;
		};
		90A538B42629224F00B43966 /* Debug */ = {
			isa = XCBuildConfiguration;
			baseConfigurationReference = 269761321942EC6650E4568A /* Pods-BuscardorTests.debug.xcconfig */;
			buildSettings = {
				ALWAYS_EMBED_SWIFT_STANDARD_LIBRARIES = YES;
				BUNDLE_LOADER = "$(TEST_HOST)";
				CODE_SIGN_STYLE = Automatic;
				DEVELOPMENT_TEAM = CDH7GCPKZV;
				INFOPLIST_FILE = BuscardorTests/Info.plist;
				IPHONEOS_DEPLOYMENT_TARGET = 14.3;
				LD_RUNPATH_SEARCH_PATHS = (
					"$(inherited)",
					"@executable_path/Frameworks",
					"@loader_path/Frameworks",
				);
				PRODUCT_BUNDLE_IDENTIFIER = com.romina.BuscardorTests;
				PRODUCT_NAME = "$(TARGET_NAME)";
				SWIFT_VERSION = 5.0;
				TARGETED_DEVICE_FAMILY = "1,2";
				TEST_HOST = "$(BUILT_PRODUCTS_DIR)/Buscardor.app/Buscardor";
			};
			name = Debug;
		};
		90A538B52629224F00B43966 /* Release */ = {
			isa = XCBuildConfiguration;
			baseConfigurationReference = 77B8ADAE4FC2E337D3E0A436 /* Pods-BuscardorTests.release.xcconfig */;
			buildSettings = {
				ALWAYS_EMBED_SWIFT_STANDARD_LIBRARIES = YES;
				BUNDLE_LOADER = "$(TEST_HOST)";
				CODE_SIGN_STYLE = Automatic;
				DEVELOPMENT_TEAM = CDH7GCPKZV;
				INFOPLIST_FILE = BuscardorTests/Info.plist;
				IPHONEOS_DEPLOYMENT_TARGET = 14.3;
				LD_RUNPATH_SEARCH_PATHS = (
					"$(inherited)",
					"@executable_path/Frameworks",
					"@loader_path/Frameworks",
				);
				PRODUCT_BUNDLE_IDENTIFIER = com.romina.BuscardorTests;
				PRODUCT_NAME = "$(TARGET_NAME)";
				SWIFT_VERSION = 5.0;
				TARGETED_DEVICE_FAMILY = "1,2";
				TEST_HOST = "$(BUILT_PRODUCTS_DIR)/Buscardor.app/Buscardor";
			};
			name = Release;
		};
		90A538B72629224F00B43966 /* Debug */ = {
			isa = XCBuildConfiguration;
			baseConfigurationReference = 6C6EC5757D75E00AD8A63359 /* Pods-Buscardor-BuscardorUITests.debug.xcconfig */;
			buildSettings = {
				ALWAYS_EMBED_SWIFT_STANDARD_LIBRARIES = YES;
				CODE_SIGN_STYLE = Automatic;
				DEVELOPMENT_TEAM = CDH7GCPKZV;
				INFOPLIST_FILE = BuscardorUITests/Info.plist;
				LD_RUNPATH_SEARCH_PATHS = (
					"$(inherited)",
					"@executable_path/Frameworks",
					"@loader_path/Frameworks",
				);
				PRODUCT_BUNDLE_IDENTIFIER = com.romina.BuscardorUITests;
				PRODUCT_NAME = "$(TARGET_NAME)";
				SWIFT_VERSION = 5.0;
				TARGETED_DEVICE_FAMILY = "1,2";
				TEST_TARGET_NAME = Buscardor;
			};
			name = Debug;
		};
		90A538B82629224F00B43966 /* Release */ = {
			isa = XCBuildConfiguration;
			baseConfigurationReference = E6C9219696021B7803B3D737 /* Pods-Buscardor-BuscardorUITests.release.xcconfig */;
			buildSettings = {
				ALWAYS_EMBED_SWIFT_STANDARD_LIBRARIES = YES;
				CODE_SIGN_STYLE = Automatic;
				DEVELOPMENT_TEAM = CDH7GCPKZV;
				INFOPLIST_FILE = BuscardorUITests/Info.plist;
				LD_RUNPATH_SEARCH_PATHS = (
					"$(inherited)",
					"@executable_path/Frameworks",
					"@loader_path/Frameworks",
				);
				PRODUCT_BUNDLE_IDENTIFIER = com.romina.BuscardorUITests;
				PRODUCT_NAME = "$(TARGET_NAME)";
				SWIFT_VERSION = 5.0;
				TARGETED_DEVICE_FAMILY = "1,2";
				TEST_TARGET_NAME = Buscardor;
			};
			name = Release;
		};
/* End XCBuildConfiguration section */

/* Begin XCConfigurationList section */
		90A538812629224C00B43966 /* Build configuration list for PBXProject "Buscardor" */ = {
			isa = XCConfigurationList;
			buildConfigurations = (
				90A538AE2629224F00B43966 /* Debug */,
				90A538AF2629224F00B43966 /* Release */,
			);
			defaultConfigurationIsVisible = 0;
			defaultConfigurationName = Release;
		};
		90A538B02629224F00B43966 /* Build configuration list for PBXNativeTarget "Buscardor" */ = {
			isa = XCConfigurationList;
			buildConfigurations = (
				90A538B12629224F00B43966 /* Debug */,
				90A538B22629224F00B43966 /* Release */,
			);
			defaultConfigurationIsVisible = 0;
			defaultConfigurationName = Release;
		};
		90A538B32629224F00B43966 /* Build configuration list for PBXNativeTarget "BuscardorTests" */ = {
			isa = XCConfigurationList;
			buildConfigurations = (
				90A538B42629224F00B43966 /* Debug */,
				90A538B52629224F00B43966 /* Release */,
			);
			defaultConfigurationIsVisible = 0;
			defaultConfigurationName = Release;
		};
		90A538B62629224F00B43966 /* Build configuration list for PBXNativeTarget "BuscardorUITests" */ = {
			isa = XCConfigurationList;
			buildConfigurations = (
				90A538B72629224F00B43966 /* Debug */,
				90A538B82629224F00B43966 /* Release */,
			);
			defaultConfigurationIsVisible = 0;
			defaultConfigurationName = Release;
		};
/* End XCConfigurationList section */
	};
	rootObject = 90A5387E2629224C00B43966 /* Project object */;
}
