// !$*UTF8*$!
{
	archiveVersion = 1;
	classes = {
	};
	objectVersion = 50;
	objects = {

/* Begin PBXBuildFile section */
		90A5388A2629224C00B43966 /* AppDelegate.swift in Sources */ = {isa = PBXBuildFile; fileRef = 90A538892629224C00B43966 /* AppDelegate.swift */; };
		90A5388C2629224C00B43966 /* SceneDelegate.swift in Sources */ = {isa = PBXBuildFile; fileRef = 90A5388B2629224C00B43966 /* SceneDelegate.swift */; };
		90A5388E2629224C00B43966 /* ViewController.swift in Sources */ = {isa = PBXBuildFile; fileRef = 90A5388D2629224C00B43966 /* ViewController.swift */; };
		90A538912629224C00B43966 /* Main.storyboard in Resources */ = {isa = PBXBuildFile; fileRef = 90A5388F2629224C00B43966 /* Main.storyboard */; };
		90A538932629224F00B43966 /* Assets.xcassets in Resources */ = {isa = PBXBuildFile; fileRef = 90A538922629224F00B43966 /* Assets.xcassets */; };
		90A538962629224F00B43966 /* LaunchScreen.storyboard in Resources */ = {isa = PBXBuildFile; fileRef = 90A538942629224F00B43966 /* LaunchScreen.storyboard */; };
		90A538A12629224F00B43966 /* BuscardorTests.swift in Sources */ = {isa = PBXBuildFile; fileRef = 90A538A02629224F00B43966 /* BuscardorTests.swift */; };
		90A538AC2629224F00B43966 /* BuscardorUITests.swift in Sources */ = {isa = PBXBuildFile; fileRef = 90A538AB2629224F00B43966 /* BuscardorUITests.swift */; };
/* End PBXBuildFile section */

/* Begin PBXContainerItemProxy section */
		90A5389D2629224F00B43966 /* PBXContainerItemProxy */ = {
			isa = PBXContainerItemProxy;
			containerPortal = 90A5387E2629224C00B43966 /* Project object */;
			proxyType = 1;
			remoteGlobalIDString = 90A538852629224C00B43966;
			remoteInfo = Buscardor;
		};
		90A538A82629224F00B43966 /* PBXContainerItemProxy */ = {
			isa = PBXContainerItemProxy;
			containerPortal = 90A5387E2629224C00B43966 /* Project object */;
			proxyType = 1;
			remoteGlobalIDString = 90A538852629224C00B43966;
			remoteInfo = Buscardor;
		};
/* End PBXContainerItemProxy section */

/* Begin PBXFileReference section */
		90A538862629224C00B43966 /* Buscardor.app */ = {isa = PBXFileReference; explicitFileType = wrapper.application; includeInIndex = 0; path = Buscardor.app; sourceTree = BUILT_PRODUCTS_DIR; };
		90A538892629224C00B43966 /* AppDelegate.swift */ = {isa = PBXFileReference; lastKnownFileType = sourcecode.swift; path = AppDelegate.swift; sourceTree = "<group>"; };
		90A5388B2629224C00B43966 /* SceneDelegate.swift */ = {isa = PBXFileReference; lastKnownFileType = sourcecode.swift; path = SceneDelegate.swift; sourceTree = "<group>"; };
		90A5388D2629224C00B43966 /* ViewController.swift */ = {isa = PBXFileReference; lastKnownFileType = sourcecode.swift; path = ViewController.swift; sourceTree = "<group>"; };
		90A538902629224C00B43966 /* Base */ = {isa = PBXFileReference; lastKnownFileType = file.storyboard; name = Base; path = Base.lproj/Main.storyboard; sourceTree = "<group>"; };
		90A538922629224F00B43966 /* Assets.xcassets */ = {isa = PBXFileReference; lastKnownFileType = folder.assetcatalog; path = Assets.xcassets; sourceTree = "<group>"; };
		90A538952629224F00B43966 /* Base */ = {isa = PBXFileReference; lastKnownFileType = file.storyboard; name = Base; path = Base.lproj/LaunchScreen.storyboard; sourceTree = "<group>"; };
		90A538972629224F00B43966 /* Info.plist */ = {isa = PBXFileReference; lastKnownFileType = text.plist.xml; path = Info.plist; sourceTree = "<group>"; };
		90A5389C2629224F00B43966 /* BuscardorTests.xctest */ = {isa = PBXFileReference; explicitFileType = wrapper.cfbundle; includeInIndex = 0; path = BuscardorTests.xctest; sourceTree = BUILT_PRODUCTS_DIR; };
		90A538A02629224F00B43966 /* BuscardorTests.swift */ = {isa = PBXFileReference; lastKnownFileType = sourcecode.swift; path = BuscardorTests.swift; sourceTree = "<group>"; };
		90A538A22629224F00B43966 /* Info.plist */ = {isa = PBXFileReference; lastKnownFileType = text.plist.xml; path = Info.plist; sourceTree = "<group>"; };
		90A538A72629224F00B43966 /* BuscardorUITests.xctest */ = {isa = PBXFileReference; explicitFileType = wrapper.cfbundle; includeInIndex = 0; path = BuscardorUITests.xctest; sourceTree = BUILT_PRODUCTS_DIR; };
		90A538AB2629224F00B43966 /* BuscardorUITests.swift */ = {isa = PBXFileReference; lastKnownFileType = sourcecode.swift; path = BuscardorUITests.swift; sourceTree = "<group>"; };
		90A538AD2629224F00B43966 /* Info.plist */ = {isa = PBXFileReference; lastKnownFileType = text.plist.xml; path = Info.plist; sourceTree = "<group>"; };
/* End PBXFileReference section */

/* Begin PBXFrameworksBuildPhase section */
		90A538832629224C00B43966 /* Frameworks */ = {
			isa = PBXFrameworksBuildPhase;
			buildActionMask = 2147483647;
			files = (
			);
			runOnlyForDeploymentPostprocessing = 0;
		};
		90A538992629224F00B43966 /* Frameworks */ = {
			isa = PBXFrameworksBuildPhase;
			buildActionMask = 2147483647;
			files = (
			);
			runOnlyForDeploymentPostprocessing = 0;
		};
		90A538A42629224F00B43966 /* Frameworks */ = {
			isa = PBXFrameworksBuildPhase;
			buildActionMask = 2147483647;
			files = (
			);
			runOnlyForDeploymentPostprocessing = 0;
		};
/* End PBXFrameworksBuildPhase section */

/* Begin PBXGroup section */
		90A5387D2629224C00B43966 = {
			isa = PBXGroup;
			children = (
				90A538882629224C00B43966 /* Buscardor */,
				90A5389F2629224F00B43966 /* BuscardorTests */,
				90A538AA2629224F00B43966 /* BuscardorUITests */,
				90A538872629224C00B43966 /* Products */,
			);
			sourceTree = "<group>";
		};
		90A538872629224C00B43966 /* Products */ = {
			isa = PBXGroup;
			children = (
				90A538862629224C00B43966 /* Buscardor.app */,
				90A5389C2629224F00B43966 /* BuscardorTests.xctest */,
				90A538A72629224F00B43966 /* BuscardorUITests.xctest */,
			);
			name = Products;
			sourceTree = "<group>";
		};
		90A538882629224C00B43966 /* Buscardor */ = {
			isa = PBXGroup;
			children = (
				90A538892629224C00B43966 /* AppDelegate.swift */,
				90A5388B2629224C00B43966 /* SceneDelegate.swift */,
				90A5388D2629224C00B43966 /* ViewController.swift */,
				90A5388F2629224C00B43966 /* Main.storyboard */,
				90A538922629224F00B43966 /* Assets.xcassets */,
				90A538942629224F00B43966 /* LaunchScreen.storyboard */,
				90A538972629224F00B43966 /* Info.plist */,
			);
			path = Buscardor;
			sourceTree = "<group>";
		};
		90A5389F2629224F00B43966 /* BuscardorTests */ = {
			isa = PBXGroup;
			children = (
				90A538A02629224F00B43966 /* BuscardorTests.swift */,
				90A538A22629224F00B43966 /* Info.plist */,
			);
			path = BuscardorTests;
			sourceTree = "<group>";
		};
		90A538AA2629224F00B43966 /* BuscardorUITests */ = {
			isa = PBXGroup;
			children = (
				90A538AB2629224F00B43966 /* BuscardorUITests.swift */,
				90A538AD2629224F00B43966 /* Info.plist */,
			);
			path = BuscardorUITests;
			sourceTree = "<group>";
		};
/* End PBXGroup section */

/* Begin PBXNativeTarget section */
		90A538852629224C00B43966 /* Buscardor */ = {
			isa = PBXNativeTarget;
			buildConfigurationList = 90A538B02629224F00B43966 /* Build configuration list for PBXNativeTarget "Buscardor" */;
			buildPhases = (
				90A538822629224C00B43966 /* Sources */,
				90A538832629224C00B43966 /* Frameworks */,
				90A538842629224C00B43966 /* Resources */,
			);
			buildRules = (
			);
			dependencies = (
			);
			name = Buscardor;
			productName = Buscardor;
			productReference = 90A538862629224C00B43966 /* Buscardor.app */;
			productType = "com.apple.product-type.application";
		};
		90A5389B2629224F00B43966 /* BuscardorTests */ = {
			isa = PBXNativeTarget;
			buildConfigurationList = 90A538B32629224F00B43966 /* Build configuration list for PBXNativeTarget "BuscardorTests" */;
			buildPhases = (
				90A538982629224F00B43966 /* Sources */,
				90A538992629224F00B43966 /* Frameworks */,
				90A5389A2629224F00B43966 /* Resources */,
			);
			buildRules = (
			);
			dependencies = (
				90A5389E2629224F00B43966 /* PBXTargetDependency */,
			);
			name = BuscardorTests;
			productName = BuscardorTests;
			productReference = 90A5389C2629224F00B43966 /* BuscardorTests.xctest */;
			productType = "com.apple.product-type.bundle.unit-test";
		};
		90A538A62629224F00B43966 /* BuscardorUITests */ = {
			isa = PBXNativeTarget;
			buildConfigurationList = 90A538B62629224F00B43966 /* Build configuration list for PBXNativeTarget "BuscardorUITests" */;
			buildPhases = (
				90A538A32629224F00B43966 /* Sources */,
				90A538A42629224F00B43966 /* Frameworks */,
				90A538A52629224F00B43966 /* Resources */,
			);
			buildRules = (
			);
			dependencies = (
				90A538A92629224F00B43966 /* PBXTargetDependency */,
			);
			name = BuscardorUITests;
			productName = BuscardorUITests;
			productReference = 90A538A72629224F00B43966 /* BuscardorUITests.xctest */;
			productType = "com.apple.product-type.bundle.ui-testing";
		};
/* End PBXNativeTarget section */

/* Begin PBXProject section */
		90A5387E2629224C00B43966 /* Project object */ = {
			isa = PBXProject;
			attributes = {
				LastSwiftUpdateCheck = 1230;
				LastUpgradeCheck = 1230;
				TargetAttributes = {
					90A538852629224C00B43966 = {
						CreatedOnToolsVersion = 12.3;
					};
					90A5389B2629224F00B43966 = {
						CreatedOnToolsVersion = 12.3;
						TestTargetID = 90A538852629224C00B43966;
					};
					90A538A62629224F00B43966 = {
						CreatedOnToolsVersion = 12.3;
						TestTargetID = 90A538852629224C00B43966;
					};
				};
			};
			buildConfigurationList = 90A538812629224C00B43966 /* Build configuration list for PBXProject "Buscardor" */;
			compatibilityVersion = "Xcode 9.3";
			developmentRegion = en;
			hasScannedForEncodings = 0;
			knownRegions = (
				en,
				Base,
			);
			mainGroup = 90A5387D2629224C00B43966;
			productRefGroup = 90A538872629224C00B43966 /* Products */;
			projectDirPath = "";
			projectRoot = "";
			targets = (
				90A538852629224C00B43966 /* Buscardor */,
				90A5389B2629224F00B43966 /* BuscardorTests */,
				90A538A62629224F00B43966 /* BuscardorUITests */,
			);
		};
/* End PBXProject section */

/* Begin PBXResourcesBuildPhase section */
		90A538842629224C00B43966 /* Resources */ = {
			isa = PBXResourcesBuildPhase;
			buildActionMask = 2147483647;
			files = (
				90A538962629224F00B43966 /* LaunchScreen.storyboard in Resources */,
				90A538932629224F00B43966 /* Assets.xcassets in Resources */,
				90A538912629224C00B43966 /* Main.storyboard in Resources */,
			);
			runOnlyForDeploymentPostprocessing = 0;
		};
		90A5389A2629224F00B43966 /* Resources */ = {
			isa = PBXResourcesBuildPhase;
			buildActionMask = 2147483647;
			files = (
			);
			runOnlyForDeploymentPostprocessing = 0;
		};
		90A538A52629224F00B43966 /* Resources */ = {
			isa = PBXResourcesBuildPhase;
			buildActionMask = 2147483647;
			files = (
			);
			runOnlyForDeploymentPostprocessing = 0;
		};
/* End PBXResourcesBuildPhase section */

/* Begin PBXSourcesBuildPhase section */
		90A538822629224C00B43966 /* Sources */ = {
			isa = PBXSourcesBuildPhase;
			buildActionMask = 2147483647;
			files = (
				90A5388E2629224C00B43966 /* ViewController.swift in Sources */,
				90A5388A2629224C00B43966 /* AppDelegate.swift in Sources */,
				90A5388C2629224C00B43966 /* SceneDelegate.swift in Sources */,
			);
			runOnlyForDeploymentPostprocessing = 0;
		};
		90A538982629224F00B43966 /* Sources */ = {
			isa = PBXSourcesBuildPhase;
			buildActionMask = 2147483647;
			files = (
				90A538A12629224F00B43966 /* BuscardorTests.swift in Sources */,
			);
			runOnlyForDeploymentPostprocessing = 0;
		};
		90A538A32629224F00B43966 /* Sources */ = {
			isa = PBXSourcesBuildPhase;
			buildActionMask = 2147483647;
			files = (
				90A538AC2629224F00B43966 /* BuscardorUITests.swift in Sources */,
			);
			runOnlyForDeploymentPostprocessing = 0;
		};
/* End PBXSourcesBuildPhase section */

/* Begin PBXTargetDependency section */
		90A5389E2629224F00B43966 /* PBXTargetDependency */ = {
			isa = PBXTargetDependency;
			target = 90A538852629224C00B43966 /* Buscardor */;
			targetProxy = 90A5389D2629224F00B43966 /* PBXContainerItemProxy */;
		};
		90A538A92629224F00B43966 /* PBXTargetDependency */ = {
			isa = PBXTargetDependency;
			target = 90A538852629224C00B43966 /* Buscardor */;
			targetProxy = 90A538A82629224F00B43966 /* PBXContainerItemProxy */;
		};
/* End PBXTargetDependency section */

/* Begin PBXVariantGroup section */
		90A5388F2629224C00B43966 /* Main.storyboard */ = {
			isa = PBXVariantGroup;
			children = (
				90A538902629224C00B43966 /* Base */,
			);
			name = Main.storyboard;
			sourceTree = "<group>";
		};
		90A538942629224F00B43966 /* LaunchScreen.storyboard */ = {
			isa = PBXVariantGroup;
			children = (
				90A538952629224F00B43966 /* Base */,
			);
			name = LaunchScreen.storyboard;
			sourceTree = "<group>";
		};
/* End PBXVariantGroup section */

/* Begin XCBuildConfiguration section */
		90A538AE2629224F00B43966 /* Debug */ = {
			isa = XCBuildConfiguration;
			buildSettings = {
				ALWAYS_SEARCH_USER_PATHS = NO;
				CLANG_ANALYZER_NONNULL = YES;
				CLANG_ANALYZER_NUMBER_OBJECT_CONVERSION = YES_AGGRESSIVE;
				CLANG_CXX_LANGUAGE_STANDARD = "gnu++14";
				CLANG_CXX_LIBRARY = "libc++";
				CLANG_ENABLE_MODULES = YES;
				CLANG_ENABLE_OBJC_ARC = YES;
				CLANG_ENABLE_OBJC_WEAK = YES;
				CLANG_WARN_BLOCK_CAPTURE_AUTORELEASING = YES;
				CLANG_WARN_BOOL_CONVERSION = YES;
				CLANG_WARN_COMMA = YES;
				CLANG_WARN_CONSTANT_CONVERSION = YES;
				CLANG_WARN_DEPRECATED_OBJC_IMPLEMENTATIONS = YES;
				CLANG_WARN_DIRECT_OBJC_ISA_USAGE = YES_ERROR;
				CLANG_WARN_DOCUMENTATION_COMMENTS = YES;
				CLANG_WARN_EMPTY_BODY = YES;
				CLANG_WARN_ENUM_CONVERSION = YES;
				CLANG_WARN_INFINITE_RECURSION = YES;
				CLANG_WARN_INT_CONVERSION = YES;
				CLANG_WARN_NON_LITERAL_NULL_CONVERSION = YES;
				CLANG_WARN_OBJC_IMPLICIT_RETAIN_SELF = YES;
				CLANG_WARN_OBJC_LITERAL_CONVERSION = YES;
				CLANG_WARN_OBJC_ROOT_CLASS = YES_ERROR;
				CLANG_WARN_QUOTED_INCLUDE_IN_FRAMEWORK_HEADER = YES;
				CLANG_WARN_RANGE_LOOP_ANALYSIS = YES;
				CLANG_WARN_STRICT_PROTOTYPES = YES;
				CLANG_WARN_SUSPICIOUS_MOVE = YES;
				CLANG_WARN_UNGUARDED_AVAILABILITY = YES_AGGRESSIVE;
				CLANG_WARN_UNREACHABLE_CODE = YES;
				CLANG_WARN__DUPLICATE_METHOD_MATCH = YES;
				COPY_PHASE_STRIP = NO;
				DEBUG_INFORMATION_FORMAT = dwarf;
				ENABLE_STRICT_OBJC_MSGSEND = YES;
				ENABLE_TESTABILITY = YES;
				GCC_C_LANGUAGE_STANDARD = gnu11;
				GCC_DYNAMIC_NO_PIC = NO;
				GCC_NO_COMMON_BLOCKS = YES;
				GCC_OPTIMIZATION_LEVEL = 0;
				GCC_PREPROCESSOR_DEFINITIONS = (
					"DEBUG=1",
					"$(inherited)",
				);
				GCC_WARN_64_TO_32_BIT_CONVERSION = YES;
				GCC_WARN_ABOUT_RETURN_TYPE = YES_ERROR;
				GCC_WARN_UNDECLARED_SELECTOR = YES;
				GCC_WARN_UNINITIALIZED_AUTOS = YES_AGGRESSIVE;
				GCC_WARN_UNUSED_FUNCTION = YES;
				GCC_WARN_UNUSED_VARIABLE = YES;
				IPHONEOS_DEPLOYMENT_TARGET = 14.3;
				MTL_ENABLE_DEBUG_INFO = INCLUDE_SOURCE;
				MTL_FAST_MATH = YES;
				ONLY_ACTIVE_ARCH = YES;
				SDKROOT = iphoneos;
				SWIFT_ACTIVE_COMPILATION_CONDITIONS = DEBUG;
				SWIFT_OPTIMIZATION_LEVEL = "-Onone";
			};
			name = Debug;
		};
		90A538AF2629224F00B43966 /* Release */ = {
			isa = XCBuildConfiguration;
			buildSettings = {
				ALWAYS_SEARCH_USER_PATHS = NO;
				CLANG_ANALYZER_NONNULL = YES;
				CLANG_ANALYZER_NUMBER_OBJECT_CONVERSION = YES_AGGRESSIVE;
				CLANG_CXX_LANGUAGE_STANDARD = "gnu++14";
				CLANG_CXX_LIBRARY = "libc++";
				CLANG_ENABLE_MODULES = YES;
				CLANG_ENABLE_OBJC_ARC = YES;
				CLANG_ENABLE_OBJC_WEAK = YES;
				CLANG_WARN_BLOCK_CAPTURE_AUTORELEASING = YES;
				CLANG_WARN_BOOL_CONVERSION = YES;
				CLANG_WARN_COMMA = YES;
				CLANG_WARN_CONSTANT_CONVERSION = YES;
				CLANG_WARN_DEPRECATED_OBJC_IMPLEMENTATIONS = YES;
				CLANG_WARN_DIRECT_OBJC_ISA_USAGE = YES_ERROR;
				CLANG_WARN_DOCUMENTATION_COMMENTS = YES;
				CLANG_WARN_EMPTY_BODY = YES;
				CLANG_WARN_ENUM_CONVERSION = YES;
				CLANG_WARN_INFINITE_RECURSION = YES;
				CLANG_WARN_INT_CONVERSION = YES;
				CLANG_WARN_NON_LITERAL_NULL_CONVERSION = YES;
				CLANG_WARN_OBJC_IMPLICIT_RETAIN_SELF = YES;
				CLANG_WARN_OBJC_LITERAL_CONVERSION = YES;
				CLANG_WARN_OBJC_ROOT_CLASS = YES_ERROR;
				CLANG_WARN_QUOTED_INCLUDE_IN_FRAMEWORK_HEADER = YES;
				CLANG_WARN_RANGE_LOOP_ANALYSIS = YES;
				CLANG_WARN_STRICT_PROTOTYPES = YES;
				CLANG_WARN_SUSPICIOUS_MOVE = YES;
				CLANG_WARN_UNGUARDED_AVAILABILITY = YES_AGGRESSIVE;
				CLANG_WARN_UNREACHABLE_CODE = YES;
				CLANG_WARN__DUPLICATE_METHOD_MATCH = YES;
				COPY_PHASE_STRIP = NO;
				DEBUG_INFORMATION_FORMAT = "dwarf-with-dsym";
				ENABLE_NS_ASSERTIONS = NO;
				ENABLE_STRICT_OBJC_MSGSEND = YES;
				GCC_C_LANGUAGE_STANDARD = gnu11;
				GCC_NO_COMMON_BLOCKS = YES;
				GCC_WARN_64_TO_32_BIT_CONVERSION = YES;
				GCC_WARN_ABOUT_RETURN_TYPE = YES_ERROR;
				GCC_WARN_UNDECLARED_SELECTOR = YES;
				GCC_WARN_UNINITIALIZED_AUTOS = YES_AGGRESSIVE;
				GCC_WARN_UNUSED_FUNCTION = YES;
				GCC_WARN_UNUSED_VARIABLE = YES;
				IPHONEOS_DEPLOYMENT_TARGET = 14.3;
				MTL_ENABLE_DEBUG_INFO = NO;
				MTL_FAST_MATH = YES;
				SDKROOT = iphoneos;
				SWIFT_COMPILATION_MODE = wholemodule;
				SWIFT_OPTIMIZATION_LEVEL = "-O";
				VALIDATE_PRODUCT = YES;
			};
			name = Release;
		};
		90A538B12629224F00B43966 /* Debug */ = {
			isa = XCBuildConfiguration;
			buildSettings = {
				ASSETCATALOG_COMPILER_APPICON_NAME = AppIcon;
				ASSETCATALOG_COMPILER_GLOBAL_ACCENT_COLOR_NAME = AccentColor;
				CODE_SIGN_STYLE = Automatic;
				DEVELOPMENT_TEAM = CDH7GCPKZV;
				INFOPLIST_FILE = Buscardor/Info.plist;
				LD_RUNPATH_SEARCH_PATHS = (
					"$(inherited)",
					"@executable_path/Frameworks",
				);
				PRODUCT_BUNDLE_IDENTIFIER = com.romina.Buscardor;
				PRODUCT_NAME = "$(TARGET_NAME)";
				SWIFT_VERSION = 5.0;
				TARGETED_DEVICE_FAMILY = "1,2";
			};
			name = Debug;
		};
		90A538B22629224F00B43966 /* Release */ = {
			isa = XCBuildConfiguration;
			buildSettings = {
				ASSETCATALOG_COMPILER_APPICON_NAME = AppIcon;
				ASSETCATALOG_COMPILER_GLOBAL_ACCENT_COLOR_NAME = AccentColor;
				CODE_SIGN_STYLE = Automatic;
				DEVELOPMENT_TEAM = CDH7GCPKZV;
				INFOPLIST_FILE = Buscardor/Info.plist;
				LD_RUNPATH_SEARCH_PATHS = (
					"$(inherited)",
					"@executable_path/Frameworks",
				);
				PRODUCT_BUNDLE_IDENTIFIER = com.romina.Buscardor;
				PRODUCT_NAME = "$(TARGET_NAME)";
				SWIFT_VERSION = 5.0;
				TARGETED_DEVICE_FAMILY = "1,2";
			};
			name = Release;
		};
		90A538B42629224F00B43966 /* Debug */ = {
			isa = XCBuildConfiguration;
			buildSettings = {
				ALWAYS_EMBED_SWIFT_STANDARD_LIBRARIES = YES;
				BUNDLE_LOADER = "$(TEST_HOST)";
				CODE_SIGN_STYLE = Automatic;
				DEVELOPMENT_TEAM = CDH7GCPKZV;
				INFOPLIST_FILE = BuscardorTests/Info.plist;
				IPHONEOS_DEPLOYMENT_TARGET = 14.3;
				LD_RUNPATH_SEARCH_PATHS = (
					"$(inherited)",
					"@executable_path/Frameworks",
					"@loader_path/Frameworks",
				);
				PRODUCT_BUNDLE_IDENTIFIER = com.romina.BuscardorTests;
				PRODUCT_NAME = "$(TARGET_NAME)";
				SWIFT_VERSION = 5.0;
				TARGETED_DEVICE_FAMILY = "1,2";
				TEST_HOST = "$(BUILT_PRODUCTS_DIR)/Buscardor.app/Buscardor";
			};
			name = Debug;
		};
		90A538B52629224F00B43966 /* Release */ = {
			isa = XCBuildConfiguration;
			buildSettings = {
				ALWAYS_EMBED_SWIFT_STANDARD_LIBRARIES = YES;
				BUNDLE_LOADER = "$(TEST_HOST)";
				CODE_SIGN_STYLE = Automatic;
				DEVELOPMENT_TEAM = CDH7GCPKZV;
				INFOPLIST_FILE = BuscardorTests/Info.plist;
				IPHONEOS_DEPLOYMENT_TARGET = 14.3;
				LD_RUNPATH_SEARCH_PATHS = (
					"$(inherited)",
					"@executable_path/Frameworks",
					"@loader_path/Frameworks",
				);
				PRODUCT_BUNDLE_IDENTIFIER = com.romina.BuscardorTests;
				PRODUCT_NAME = "$(TARGET_NAME)";
				SWIFT_VERSION = 5.0;
				TARGETED_DEVICE_FAMILY = "1,2";
				TEST_HOST = "$(BUILT_PRODUCTS_DIR)/Buscardor.app/Buscardor";
			};
			name = Release;
		};
		90A538B72629224F00B43966 /* Debug */ = {
			isa = XCBuildConfiguration;
			buildSettings = {
				ALWAYS_EMBED_SWIFT_STANDARD_LIBRARIES = YES;
				CODE_SIGN_STYLE = Automatic;
				DEVELOPMENT_TEAM = CDH7GCPKZV;
				INFOPLIST_FILE = BuscardorUITests/Info.plist;
				LD_RUNPATH_SEARCH_PATHS = (
					"$(inherited)",
					"@executable_path/Frameworks",
					"@loader_path/Frameworks",
				);
				PRODUCT_BUNDLE_IDENTIFIER = com.romina.BuscardorUITests;
				PRODUCT_NAME = "$(TARGET_NAME)";
				SWIFT_VERSION = 5.0;
				TARGETED_DEVICE_FAMILY = "1,2";
				TEST_TARGET_NAME = Buscardor;
			};
			name = Debug;
		};
		90A538B82629224F00B43966 /* Release */ = {
			isa = XCBuildConfiguration;
			buildSettings = {
				ALWAYS_EMBED_SWIFT_STANDARD_LIBRARIES = YES;
				CODE_SIGN_STYLE = Automatic;
				DEVELOPMENT_TEAM = CDH7GCPKZV;
				INFOPLIST_FILE = BuscardorUITests/Info.plist;
				LD_RUNPATH_SEARCH_PATHS = (
					"$(inherited)",
					"@executable_path/Frameworks",
					"@loader_path/Frameworks",
				);
				PRODUCT_BUNDLE_IDENTIFIER = com.romina.BuscardorUITests;
				PRODUCT_NAME = "$(TARGET_NAME)";
				SWIFT_VERSION = 5.0;
				TARGETED_DEVICE_FAMILY = "1,2";
				TEST_TARGET_NAME = Buscardor;
			};
			name = Release;
		};
/* End XCBuildConfiguration section */

/* Begin XCConfigurationList section */
		90A538812629224C00B43966 /* Build configuration list for PBXProject "Buscardor" */ = {
			isa = XCConfigurationList;
			buildConfigurations = (
				90A538AE2629224F00B43966 /* Debug */,
				90A538AF2629224F00B43966 /* Release */,
			);
			defaultConfigurationIsVisible = 0;
			defaultConfigurationName = Release;
		};
		90A538B02629224F00B43966 /* Build configuration list for PBXNativeTarget "Buscardor" */ = {
			isa = XCConfigurationList;
			buildConfigurations = (
				90A538B12629224F00B43966 /* Debug */,
				90A538B22629224F00B43966 /* Release */,
			);
			defaultConfigurationIsVisible = 0;
			defaultConfigurationName = Release;
		};
		90A538B32629224F00B43966 /* Build configuration list for PBXNativeTarget "BuscardorTests" */ = {
			isa = XCConfigurationList;
			buildConfigurations = (
				90A538B42629224F00B43966 /* Debug */,
				90A538B52629224F00B43966 /* Release */,
			);
			defaultConfigurationIsVisible = 0;
			defaultConfigurationName = Release;
		};
		90A538B62629224F00B43966 /* Build configuration list for PBXNativeTarget "BuscardorUITests" */ = {
			isa = XCConfigurationList;
			buildConfigurations = (
				90A538B72629224F00B43966 /* Debug */,
				90A538B82629224F00B43966 /* Release */,
			);
			defaultConfigurationIsVisible = 0;
			defaultConfigurationName = Release;
		};
/* End XCConfigurationList section */
	};
	rootObject = 90A5387E2629224C00B43966 /* Project object */;
}
